
Microsoft Visual Studio Solution File, Format Version 12.00
# Visual Studio Version 17
VisualStudioVersion = 17.9.34728.123
MinimumVisualStudioVersion = 10.0.40219.1
Project("{9A19103F-16F7-4668-BE54-9A1E7A4F7556}") = "WebApi", "WebApi\WebApi.csproj", "{DB9EED8A-76E4-4AE7-8148-DB479E5B6EF4}"
EndProject
Project("{FAE04EC0-301F-11D3-BF4B-00C04F79EFBC}") = "Domain", "Domain\Domain.csproj", "{98C46AE2-29D6-4EBB-B111-D1E38AF38272}"
EndProject
Global
	GlobalSection(SolutionConfigurationPlatforms) = preSolution
		Debug|Any CPU = Debug|Any CPU
		Release|Any CPU = Release|Any CPU
	EndGlobalSection
	GlobalSection(ProjectConfigurationPlatforms) = postSolution
		{DB9EED8A-76E4-4AE7-8148-DB479E5B6EF4}.Debug|Any CPU.ActiveCfg = Debug|Any CPU
		{DB9EED8A-76E4-4AE7-8148-DB479E5B6EF4}.Debug|Any CPU.Build.0 = Debug|Any CPU
		{DB9EED8A-76E4-4AE7-8148-DB479E5B6EF4}.Release|Any CPU.ActiveCfg = Release|Any CPU
		{DB9EED8A-76E4-4AE7-8148-DB479E5B6EF4}.Release|Any CPU.Build.0 = Release|Any CPU
		{98C46AE2-29D6-4EBB-B111-D1E38AF38272}.Debug|Any CPU.ActiveCfg = Debug|Any CPU
		{98C46AE2-29D6-4EBB-B111-D1E38AF38272}.Debug|Any CPU.Build.0 = Debug|Any CPU
		{98C46AE2-29D6-4EBB-B111-D1E38AF38272}.Release|Any CPU.ActiveCfg = Release|Any CPU
		{98C46AE2-29D6-4EBB-B111-D1E38AF38272}.Release|Any CPU.Build.0 = Release|Any CPU
	EndGlobalSection
	GlobalSection(SolutionProperties) = preSolution
		HideSolutionNode = FALSE
	EndGlobalSection
	GlobalSection(ExtensibilityGlobals) = postSolution
		SolutionGuid = {08015916-6462-4460-A062-A1D5759B553E}
	EndGlobalSection
EndGlobal
